// !$*UTF8*$!
{
	archiveVersion = 1;
	classes = {
	};
	objectVersion = 46;
	objects = {

/* Begin PBXBuildFile section */
		9E158F541B79B5EE00BEE159 /* WatchAppIcon.appiconset in Resources */ = {isa = PBXBuildFile; fileRef = 9E158F531B79B5EE00BEE159 /* WatchAppIcon.appiconset */; };
		9E158F551B79B5EE00BEE159 /* WatchAppIcon.appiconset in Resources */ = {isa = PBXBuildFile; fileRef = 9E158F531B79B5EE00BEE159 /* WatchAppIcon.appiconset */; };
		9E158F561B79B5EE00BEE159 /* WatchAppIcon.appiconset in Resources */ = {isa = PBXBuildFile; fileRef = 9E158F531B79B5EE00BEE159 /* WatchAppIcon.appiconset */; };
		9E158F581B79B5F700BEE159 /* iOSAppIcon.appiconset in Resources */ = {isa = PBXBuildFile; fileRef = 9E158F571B79B5F700BEE159 /* iOSAppIcon.appiconset */; };
		9E158F591B79B5F700BEE159 /* iOSAppIcon.appiconset in Resources */ = {isa = PBXBuildFile; fileRef = 9E158F571B79B5F700BEE159 /* iOSAppIcon.appiconset */; };
		9E158F5A1B79B5F700BEE159 /* iOSAppIcon.appiconset in Resources */ = {isa = PBXBuildFile; fileRef = 9E158F571B79B5F700BEE159 /* iOSAppIcon.appiconset */; };
		9E1616FE1B793BC600695B3A /* InterfaceController.swift in Sources */ = {isa = PBXBuildFile; fileRef = 9E1616FD1B793BC600695B3A /* InterfaceController.swift */; };
		9E1617001B793BC600695B3A /* NotificationController.swift in Sources */ = {isa = PBXBuildFile; fileRef = 9E1616FF1B793BC600695B3A /* NotificationController.swift */; };
		9E1617021B793BC600695B3A /* GlanceController.swift in Sources */ = {isa = PBXBuildFile; fileRef = 9E1617011B793BC600695B3A /* GlanceController.swift */; };
		9E1617041B793BC600695B3A /* Images.xcassets in Resources */ = {isa = PBXBuildFile; fileRef = 9E1617031B793BC600695B3A /* Images.xcassets */; };
		9E1617081B793BC600695B3A /* AACounter WatchKit App.app in Resources */ = {isa = PBXBuildFile; fileRef = 9E1617071B793BC600695B3A /* AACounter WatchKit App.app */; };
		9E1617101B793BC600695B3A /* Interface.storyboard in Resources */ = {isa = PBXBuildFile; fileRef = 9E16170E1B793BC600695B3A /* Interface.storyboard */; };
		9E1617121B793BC600695B3A /* Images.xcassets in Resources */ = {isa = PBXBuildFile; fileRef = 9E1617111B793BC600695B3A /* Images.xcassets */; };
		9E1617151B793BC600695B3A /* AACounter WatchKit Extension.appex in Embed App Extensions */ = {isa = PBXBuildFile; fileRef = 9E1616F81B793BC600695B3A /* AACounter WatchKit Extension.appex */; settings = {ATTRIBUTES = (RemoveHeadersOnCopy, ); }; };
		9E438D181B70369800EBDF28 /* NaviC.swift in Sources */ = {isa = PBXBuildFile; fileRef = 9E438D171B70369800EBDF28 /* NaviC.swift */; };
		9E8666251B7A79C1008C9199 /* DetailViewController.swift in Sources */ = {isa = PBXBuildFile; fileRef = 9E8666241B7A79C1008C9199 /* DetailViewController.swift */; };
		9E8666271B7A82A4008C9199 /* CountPlace.swift in Sources */ = {isa = PBXBuildFile; fileRef = 9E8666261B7A82A4008C9199 /* CountPlace.swift */; };
		9E8666291B7A99A8008C9199 /* CoreLocation.framework in Frameworks */ = {isa = PBXBuildFile; fileRef = 9E8666281B7A99A8008C9199 /* CoreLocation.framework */; };
		9E86662B1B7A9ECE008C9199 /* MapKit.framework in Frameworks */ = {isa = PBXBuildFile; fileRef = 9E86662A1B7A9ECE008C9199 /* MapKit.framework */; };
		9E8666411B7ACA96008C9199 /* Localizable.strings in Resources */ = {isa = PBXBuildFile; fileRef = 9E8666431B7ACA96008C9199 /* Localizable.strings */; };
		9EB3FE671B6FFD2200CA37E0 /* ListItemVC.swift in Sources */ = {isa = PBXBuildFile; fileRef = 9EB3FE661B6FFD2200CA37E0 /* ListItemVC.swift */; };
		9ECD64A51B6B394F00C94FC0 /* AppDelegate.swift in Sources */ = {isa = PBXBuildFile; fileRef = 9ECD64A41B6B394F00C94FC0 /* AppDelegate.swift */; };
		9ECD64A81B6B394F00C94FC0 /* AACounter.xcdatamodeld in Sources */ = {isa = PBXBuildFile; fileRef = 9ECD64A61B6B394F00C94FC0 /* AACounter.xcdatamodeld */; };
		9ECD64AA1B6B394F00C94FC0 /* ViewController.swift in Sources */ = {isa = PBXBuildFile; fileRef = 9ECD64A91B6B394F00C94FC0 /* ViewController.swift */; };
		9ECD64AD1B6B394F00C94FC0 /* Main.storyboard in Resources */ = {isa = PBXBuildFile; fileRef = 9ECD64AB1B6B394F00C94FC0 /* Main.storyboard */; };
		9ECD64AF1B6B394F00C94FC0 /* Images.xcassets in Resources */ = {isa = PBXBuildFile; fileRef = 9ECD64AE1B6B394F00C94FC0 /* Images.xcassets */; };
		9ECD64B21B6B394F00C94FC0 /* LaunchScreen.xib in Resources */ = {isa = PBXBuildFile; fileRef = 9ECD64B01B6B394F00C94FC0 /* LaunchScreen.xib */; };
		9ECD64C91B6B3F0E00C94FC0 /* CountItem.swift in Sources */ = {isa = PBXBuildFile; fileRef = 9ECD64C81B6B3F0E00C94FC0 /* CountItem.swift */; };
/* End PBXBuildFile section */

/* Begin PBXContainerItemProxy section */
		9E1617091B793BC600695B3A /* PBXContainerItemProxy */ = {
			isa = PBXContainerItemProxy;
			containerPortal = 9E01800F1B6B1ADF00952742 /* Project object */;
			proxyType = 1;
			remoteGlobalIDString = 9E1617061B793BC600695B3A;
			remoteInfo = "AACounter WatchKit App";
		};
		9E1617131B793BC600695B3A /* PBXContainerItemProxy */ = {
			isa = PBXContainerItemProxy;
			containerPortal = 9E01800F1B6B1ADF00952742 /* Project object */;
			proxyType = 1;
			remoteGlobalIDString = 9E1616F71B793BC600695B3A;
			remoteInfo = "AACounter WatchKit Extension";
		};
/* End PBXContainerItemProxy section */

/* Begin PBXCopyFilesBuildPhase section */
		9E16171C1B793BC600695B3A /* Embed App Extensions */ = {
			isa = PBXCopyFilesBuildPhase;
			buildActionMask = 2147483647;
			dstPath = "";
			dstSubfolderSpec = 13;
			files = (
				9E1617151B793BC600695B3A /* AACounter WatchKit Extension.appex in Embed App Extensions */,
			);
			name = "Embed App Extensions";
			runOnlyForDeploymentPostprocessing = 0;
		};
/* End PBXCopyFilesBuildPhase section */

/* Begin PBXFileReference section */
		9E01804A1B6B389000952742 /* AACounter.entitlements */ = {isa = PBXFileReference; lastKnownFileType = text.xml; path = AACounter.entitlements; sourceTree = "<group>"; };
		9E158F531B79B5EE00BEE159 /* WatchAppIcon.appiconset */ = {isa = PBXFileReference; lastKnownFileType = folder; path = WatchAppIcon.appiconset; sourceTree = "<group>"; };
		9E158F571B79B5F700BEE159 /* iOSAppIcon.appiconset */ = {isa = PBXFileReference; lastKnownFileType = folder; path = iOSAppIcon.appiconset; sourceTree = "<group>"; };
		9E158F5C1B79BC4000BEE159 /* zh-Hans */ = {isa = PBXFileReference; lastKnownFileType = text.plist.strings; name = "zh-Hans"; path = "zh-Hans.lproj/LaunchScreen.strings"; sourceTree = "<group>"; };
		9E158F5D1B79BC4000BEE159 /* zh-Hans */ = {isa = PBXFileReference; lastKnownFileType = text.plist.strings; name = "zh-Hans"; path = "zh-Hans.lproj/Interface.strings"; sourceTree = "<group>"; };
		9E158F5E1B79BC4700BEE159 /* zh-Hant */ = {isa = PBXFileReference; lastKnownFileType = text.plist.strings; name = "zh-Hant"; path = "zh-Hant.lproj/Main.strings"; sourceTree = "<group>"; };
		9E158F5F1B79BC4700BEE159 /* zh-Hant */ = {isa = PBXFileReference; lastKnownFileType = text.plist.strings; name = "zh-Hant"; path = "zh-Hant.lproj/LaunchScreen.strings"; sourceTree = "<group>"; };
		9E158F601B79BC4700BEE159 /* zh-Hant */ = {isa = PBXFileReference; lastKnownFileType = text.plist.strings; name = "zh-Hant"; path = "zh-Hant.lproj/Interface.strings"; sourceTree = "<group>"; };
		9E1616F81B793BC600695B3A /* AACounter WatchKit Extension.appex */ = {isa = PBXFileReference; explicitFileType = "wrapper.app-extension"; includeInIndex = 0; path = "AACounter WatchKit Extension.appex"; sourceTree = BUILT_PRODUCTS_DIR; };
		9E1616FB1B793BC600695B3A /* Info.plist */ = {isa = PBXFileReference; lastKnownFileType = text.plist.xml; path = Info.plist; sourceTree = "<group>"; };
		9E1616FC1B793BC600695B3A /* PushNotificationPayload.apns */ = {isa = PBXFileReference; lastKnownFileType = text; path = PushNotificationPayload.apns; sourceTree = "<group>"; };
		9E1616FD1B793BC600695B3A /* InterfaceController.swift */ = {isa = PBXFileReference; lastKnownFileType = sourcecode.swift; path = InterfaceController.swift; sourceTree = "<group>"; };
		9E1616FF1B793BC600695B3A /* NotificationController.swift */ = {isa = PBXFileReference; lastKnownFileType = sourcecode.swift; path = NotificationController.swift; sourceTree = "<group>"; };
		9E1617011B793BC600695B3A /* GlanceController.swift */ = {isa = PBXFileReference; lastKnownFileType = sourcecode.swift; path = GlanceController.swift; sourceTree = "<group>"; };
		9E1617031B793BC600695B3A /* Images.xcassets */ = {isa = PBXFileReference; lastKnownFileType = folder.assetcatalog; path = Images.xcassets; sourceTree = "<group>"; };
		9E1617071B793BC600695B3A /* AACounter WatchKit App.app */ = {isa = PBXFileReference; explicitFileType = wrapper.application; includeInIndex = 0; path = "AACounter WatchKit App.app"; sourceTree = BUILT_PRODUCTS_DIR; };
		9E16170D1B793BC600695B3A /* Info.plist */ = {isa = PBXFileReference; lastKnownFileType = text.plist.xml; path = Info.plist; sourceTree = "<group>"; };
		9E16170F1B793BC600695B3A /* Base */ = {isa = PBXFileReference; lastKnownFileType = file.storyboard; name = Base; path = Base.lproj/Interface.storyboard; sourceTree = "<group>"; };
		9E1617111B793BC600695B3A /* Images.xcassets */ = {isa = PBXFileReference; lastKnownFileType = folder.assetcatalog; path = Images.xcassets; sourceTree = "<group>"; };
		9E438D171B70369800EBDF28 /* NaviC.swift */ = {isa = PBXFileReference; fileEncoding = 4; lastKnownFileType = sourcecode.swift; path = NaviC.swift; sourceTree = "<group>"; };
		9E8666241B7A79C1008C9199 /* DetailViewController.swift */ = {isa = PBXFileReference; fileEncoding = 4; lastKnownFileType = sourcecode.swift; path = DetailViewController.swift; sourceTree = "<group>"; };
		9E8666261B7A82A4008C9199 /* CountPlace.swift */ = {isa = PBXFileReference; fileEncoding = 4; lastKnownFileType = sourcecode.swift; path = CountPlace.swift; sourceTree = "<group>"; };
		9E8666281B7A99A8008C9199 /* CoreLocation.framework */ = {isa = PBXFileReference; lastKnownFileType = wrapper.framework; name = CoreLocation.framework; path = System/Library/Frameworks/CoreLocation.framework; sourceTree = SDKROOT; };
		9E86662A1B7A9ECE008C9199 /* MapKit.framework */ = {isa = PBXFileReference; lastKnownFileType = wrapper.framework; name = MapKit.framework; path = System/Library/Frameworks/MapKit.framework; sourceTree = SDKROOT; };
		9E86662F1B7ABEE1008C9199 /* zh-Hans */ = {isa = PBXFileReference; lastKnownFileType = text.plist.strings; name = "zh-Hans"; path = "zh-Hans.lproj/Main.strings"; sourceTree = "<group>"; };
		9E8666311B7ABFFD008C9199 /* en */ = {isa = PBXFileReference; lastKnownFileType = text.plist.strings; name = en; path = en.lproj/Main.strings; sourceTree = "<group>"; };
		9E8666331B7AC008008C9199 /* en */ = {isa = PBXFileReference; lastKnownFileType = text.plist.strings; name = en; path = en.lproj/Interface.strings; sourceTree = "<group>"; };
		9E8666421B7ACA96008C9199 /* Base */ = {isa = PBXFileReference; lastKnownFileType = text.plist.strings; name = Base; path = Base.lproj/Localizable.strings; sourceTree = "<group>"; };
		9E8666441B7ACA9B008C9199 /* en */ = {isa = PBXFileReference; lastKnownFileType = text.plist.strings; name = en; path = en.lproj/Localizable.strings; sourceTree = "<group>"; };
		9E8666451B7ACA9D008C9199 /* zh-Hans */ = {isa = PBXFileReference; lastKnownFileType = text.plist.strings; name = "zh-Hans"; path = "zh-Hans.lproj/Localizable.strings"; sourceTree = "<group>"; };
		9E8666461B7ACA9E008C9199 /* zh-Hant */ = {isa = PBXFileReference; lastKnownFileType = text.plist.strings; name = "zh-Hant"; path = "zh-Hant.lproj/Localizable.strings"; sourceTree = "<group>"; };
		9EB3FE661B6FFD2200CA37E0 /* ListItemVC.swift */ = {isa = PBXFileReference; fileEncoding = 4; lastKnownFileType = sourcecode.swift; path = ListItemVC.swift; sourceTree = "<group>"; };
		9ECD64A01B6B394F00C94FC0 /* AACounter.app */ = {isa = PBXFileReference; explicitFileType = wrapper.application; includeInIndex = 0; path = AACounter.app; sourceTree = BUILT_PRODUCTS_DIR; };
		9ECD64A31B6B394F00C94FC0 /* Info.plist */ = {isa = PBXFileReference; lastKnownFileType = text.plist.xml; path = Info.plist; sourceTree = "<group>"; };
		9ECD64A41B6B394F00C94FC0 /* AppDelegate.swift */ = {isa = PBXFileReference; lastKnownFileType = sourcecode.swift; path = AppDelegate.swift; sourceTree = "<group>"; };
		9ECD64A71B6B394F00C94FC0 /* AACounter.xcdatamodel */ = {isa = PBXFileReference; lastKnownFileType = wrapper.xcdatamodel; path = AACounter.xcdatamodel; sourceTree = "<group>"; };
		9ECD64A91B6B394F00C94FC0 /* ViewController.swift */ = {isa = PBXFileReference; lastKnownFileType = sourcecode.swift; path = ViewController.swift; sourceTree = "<group>"; };
		9ECD64AC1B6B394F00C94FC0 /* Base */ = {isa = PBXFileReference; lastKnownFileType = file.storyboard; name = Base; path = Base.lproj/Main.storyboard; sourceTree = "<group>"; };
		9ECD64AE1B6B394F00C94FC0 /* Images.xcassets */ = {isa = PBXFileReference; lastKnownFileType = folder.assetcatalog; path = Images.xcassets; sourceTree = "<group>"; };
		9ECD64B11B6B394F00C94FC0 /* Base */ = {isa = PBXFileReference; lastKnownFileType = file.xib; name = Base; path = Base.lproj/LaunchScreen.xib; sourceTree = "<group>"; };
		9ECD64C81B6B3F0E00C94FC0 /* CountItem.swift */ = {isa = PBXFileReference; fileEncoding = 4; lastKnownFileType = sourcecode.swift; path = CountItem.swift; sourceTree = "<group>"; };
/* End PBXFileReference section */

/* Begin PBXFrameworksBuildPhase section */
		9E1616F51B793BC600695B3A /* Frameworks */ = {
			isa = PBXFrameworksBuildPhase;
			buildActionMask = 2147483647;
			files = (
			);
			runOnlyForDeploymentPostprocessing = 0;
		};
		9ECD649D1B6B394F00C94FC0 /* Frameworks */ = {
			isa = PBXFrameworksBuildPhase;
			buildActionMask = 2147483647;
			files = (
				9E86662B1B7A9ECE008C9199 /* MapKit.framework in Frameworks */,
				9E8666291B7A99A8008C9199 /* CoreLocation.framework in Frameworks */,
			);
			runOnlyForDeploymentPostprocessing = 0;
		};
/* End PBXFrameworksBuildPhase section */

/* Begin PBXGroup section */
		9E01800E1B6B1ADF00952742 = {
			isa = PBXGroup;
			children = (
				9E86662A1B7A9ECE008C9199 /* MapKit.framework */,
				9E8666281B7A99A8008C9199 /* CoreLocation.framework */,
				9E01804A1B6B389000952742 /* AACounter.entitlements */,
				9E158F571B79B5F700BEE159 /* iOSAppIcon.appiconset */,
				9E158F531B79B5EE00BEE159 /* WatchAppIcon.appiconset */,
				9ECD64A11B6B394F00C94FC0 /* AACounter */,
				9E1616F91B793BC600695B3A /* AACounter WatchKit Extension */,
				9E16170B1B793BC600695B3A /* AACounter WatchKit App */,
				9E0180181B6B1ADF00952742 /* Products */,
			);
			sourceTree = "<group>";
		};
		9E0180181B6B1ADF00952742 /* Products */ = {
			isa = PBXGroup;
			children = (
				9ECD64A01B6B394F00C94FC0 /* AACounter.app */,
				9E1616F81B793BC600695B3A /* AACounter WatchKit Extension.appex */,
				9E1617071B793BC600695B3A /* AACounter WatchKit App.app */,
			);
			name = Products;
			sourceTree = "<group>";
		};
		9E1616F91B793BC600695B3A /* AACounter WatchKit Extension */ = {
			isa = PBXGroup;
			children = (
				9E1616FD1B793BC600695B3A /* InterfaceController.swift */,
				9E1616FF1B793BC600695B3A /* NotificationController.swift */,
				9E1617011B793BC600695B3A /* GlanceController.swift */,
				9E1617031B793BC600695B3A /* Images.xcassets */,
				9E1616FA1B793BC600695B3A /* Supporting Files */,
			);
			path = "AACounter WatchKit Extension";
			sourceTree = "<group>";
		};
		9E1616FA1B793BC600695B3A /* Supporting Files */ = {
			isa = PBXGroup;
			children = (
				9E1616FB1B793BC600695B3A /* Info.plist */,
				9E1616FC1B793BC600695B3A /* PushNotificationPayload.apns */,
			);
			name = "Supporting Files";
			sourceTree = "<group>";
		};
		9E16170B1B793BC600695B3A /* AACounter WatchKit App */ = {
			isa = PBXGroup;
			children = (
				9E16170E1B793BC600695B3A /* Interface.storyboard */,
				9E1617111B793BC600695B3A /* Images.xcassets */,
				9E16170C1B793BC600695B3A /* Supporting Files */,
			);
			path = "AACounter WatchKit App";
			sourceTree = "<group>";
		};
		9E16170C1B793BC600695B3A /* Supporting Files */ = {
			isa = PBXGroup;
			children = (
				9E16170D1B793BC600695B3A /* Info.plist */,
			);
			name = "Supporting Files";
			sourceTree = "<group>";
		};
		9ECD64A11B6B394F00C94FC0 /* AACounter */ = {
			isa = PBXGroup;
			children = (
				9ECD64C71B6B3A1600C94FC0 /* Data */,
				9ECD64A41B6B394F00C94FC0 /* AppDelegate.swift */,
				9E8666241B7A79C1008C9199 /* DetailViewController.swift */,
				9E438D171B70369800EBDF28 /* NaviC.swift */,
				9EB3FE661B6FFD2200CA37E0 /* ListItemVC.swift */,
				9ECD64A91B6B394F00C94FC0 /* ViewController.swift */,
				9ECD64AB1B6B394F00C94FC0 /* Main.storyboard */,
				9ECD64AE1B6B394F00C94FC0 /* Images.xcassets */,
				9ECD64B01B6B394F00C94FC0 /* LaunchScreen.xib */,
				9ECD64A61B6B394F00C94FC0 /* AACounter.xcdatamodeld */,
				9ECD64A21B6B394F00C94FC0 /* Supporting Files */,
				9E8666261B7A82A4008C9199 /* CountPlace.swift */,
				9E8666431B7ACA96008C9199 /* Localizable.strings */,
			);
			path = AACounter;
			sourceTree = "<group>";
		};
		9ECD64A21B6B394F00C94FC0 /* Supporting Files */ = {
			isa = PBXGroup;
			children = (
				9ECD64A31B6B394F00C94FC0 /* Info.plist */,
			);
			name = "Supporting Files";
			sourceTree = "<group>";
		};
		9ECD64C71B6B3A1600C94FC0 /* Data */ = {
			isa = PBXGroup;
			children = (
				9ECD64C81B6B3F0E00C94FC0 /* CountItem.swift */,
			);
			name = Data;
			sourceTree = "<group>";
		};
/* End PBXGroup section */

/* Begin PBXNativeTarget section */
		9E1616F71B793BC600695B3A /* AACounter WatchKit Extension */ = {
			isa = PBXNativeTarget;
			buildConfigurationList = 9E16171B1B793BC600695B3A /* Build configuration list for PBXNativeTarget "AACounter WatchKit Extension" */;
			buildPhases = (
				9E1616F41B793BC600695B3A /* Sources */,
				9E1616F51B793BC600695B3A /* Frameworks */,
				9E1616F61B793BC600695B3A /* Resources */,
			);
			buildRules = (
			);
			dependencies = (
				9E16170A1B793BC600695B3A /* PBXTargetDependency */,
			);
			name = "AACounter WatchKit Extension";
			productName = "AACounter WatchKit Extension";
			productReference = 9E1616F81B793BC600695B3A /* AACounter WatchKit Extension.appex */;
			productType = "com.apple.product-type.watchkit-extension";
		};
		9E1617061B793BC600695B3A /* AACounter WatchKit App */ = {
			isa = PBXNativeTarget;
			buildConfigurationList = 9E16171A1B793BC600695B3A /* Build configuration list for PBXNativeTarget "AACounter WatchKit App" */;
			buildPhases = (
				9E1617051B793BC600695B3A /* Resources */,
			);
			buildRules = (
			);
			dependencies = (
			);
			name = "AACounter WatchKit App";
			productName = "AACounter WatchKit App";
			productReference = 9E1617071B793BC600695B3A /* AACounter WatchKit App.app */;
			productType = "com.apple.product-type.application.watchapp";
		};
		9ECD649F1B6B394F00C94FC0 /* AACounter */ = {
			isa = PBXNativeTarget;
			buildConfigurationList = 9ECD64BF1B6B394F00C94FC0 /* Build configuration list for PBXNativeTarget "AACounter" */;
			buildPhases = (
				9ECD649C1B6B394F00C94FC0 /* Sources */,
				9ECD649D1B6B394F00C94FC0 /* Frameworks */,
				9ECD649E1B6B394F00C94FC0 /* Resources */,
				9E16171C1B793BC600695B3A /* Embed App Extensions */,
			);
			buildRules = (
			);
			dependencies = (
				9E1617141B793BC600695B3A /* PBXTargetDependency */,
			);
			name = AACounter;
			productName = AACounter;
			productReference = 9ECD64A01B6B394F00C94FC0 /* AACounter.app */;
			productType = "com.apple.product-type.application";
		};
/* End PBXNativeTarget section */

/* Begin PBXProject section */
		9E01800F1B6B1ADF00952742 /* Project object */ = {
			isa = PBXProject;
			attributes = {
				LastSwiftUpdateCheck = 0700;
				LastUpgradeCheck = 0640;
				ORGANIZATIONNAME = "Mike Lee";
				TargetAttributes = {
					9E1616F71B793BC600695B3A = {
						CreatedOnToolsVersion = 6.4;
						DevelopmentTeam = 4UNYR6375C;
					};
					9E1617061B793BC600695B3A = {
						CreatedOnToolsVersion = 6.4;
						DevelopmentTeam = 4UNYR6375C;
					};
					9ECD649F1B6B394F00C94FC0 = {
						CreatedOnToolsVersion = 6.4;
						DevelopmentTeam = 4UNYR6375C;
						SystemCapabilities = {
							com.apple.Maps.iOS = {
								enabled = 1;
							};
						};
					};
				};
			};
			buildConfigurationList = 9E0180121B6B1ADF00952742 /* Build configuration list for PBXProject "AACounter" */;
			compatibilityVersion = "Xcode 3.2";
			developmentRegion = English;
			hasScannedForEncodings = 0;
			knownRegions = (
				en,
				Base,
				"zh-Hans",
				"zh-Hant",
			);
			mainGroup = 9E01800E1B6B1ADF00952742;
			productRefGroup = 9E0180181B6B1ADF00952742 /* Products */;
			projectDirPath = "";
			projectRoot = "";
			targets = (
				9ECD649F1B6B394F00C94FC0 /* AACounter */,
				9E1616F71B793BC600695B3A /* AACounter WatchKit Extension */,
				9E1617061B793BC600695B3A /* AACounter WatchKit App */,
			);
		};
/* End PBXProject section */

/* Begin PBXResourcesBuildPhase section */
		9E1616F61B793BC600695B3A /* Resources */ = {
			isa = PBXResourcesBuildPhase;
			buildActionMask = 2147483647;
			files = (
				9E158F591B79B5F700BEE159 /* iOSAppIcon.appiconset in Resources */,
				9E158F551B79B5EE00BEE159 /* WatchAppIcon.appiconset in Resources */,
				9E1617041B793BC600695B3A /* Images.xcassets in Resources */,
				9E1617081B793BC600695B3A /* AACounter WatchKit App.app in Resources */,
			);
			runOnlyForDeploymentPostprocessing = 0;
		};
		9E1617051B793BC600695B3A /* Resources */ = {
			isa = PBXResourcesBuildPhase;
			buildActionMask = 2147483647;
			files = (
				9E158F5A1B79B5F700BEE159 /* iOSAppIcon.appiconset in Resources */,
				9E158F561B79B5EE00BEE159 /* WatchAppIcon.appiconset in Resources */,
				9E1617101B793BC600695B3A /* Interface.storyboard in Resources */,
				9E1617121B793BC600695B3A /* Images.xcassets in Resources */,
			);
			runOnlyForDeploymentPostprocessing = 0;
		};
		9ECD649E1B6B394F00C94FC0 /* Resources */ = {
			isa = PBXResourcesBuildPhase;
			buildActionMask = 2147483647;
			files = (
				9E158F581B79B5F700BEE159 /* iOSAppIcon.appiconset in Resources */,
				9E158F541B79B5EE00BEE159 /* WatchAppIcon.appiconset in Resources */,
				9ECD64AD1B6B394F00C94FC0 /* Main.storyboard in Resources */,
				9E8666411B7ACA96008C9199 /* Localizable.strings in Resources */,
				9ECD64B21B6B394F00C94FC0 /* LaunchScreen.xib in Resources */,
				9ECD64AF1B6B394F00C94FC0 /* Images.xcassets in Resources */,
			);
			runOnlyForDeploymentPostprocessing = 0;
		};
/* End PBXResourcesBuildPhase section */

/* Begin PBXSourcesBuildPhase section */
		9E1616F41B793BC600695B3A /* Sources */ = {
			isa = PBXSourcesBuildPhase;
			buildActionMask = 2147483647;
			files = (
				9E1617001B793BC600695B3A /* NotificationController.swift in Sources */,
				9E1616FE1B793BC600695B3A /* InterfaceController.swift in Sources */,
				9E1617021B793BC600695B3A /* GlanceController.swift in Sources */,
			);
			runOnlyForDeploymentPostprocessing = 0;
		};
		9ECD649C1B6B394F00C94FC0 /* Sources */ = {
			isa = PBXSourcesBuildPhase;
			buildActionMask = 2147483647;
			files = (
				9ECD64AA1B6B394F00C94FC0 /* ViewController.swift in Sources */,
				9E8666271B7A82A4008C9199 /* CountPlace.swift in Sources */,
				9EB3FE671B6FFD2200CA37E0 /* ListItemVC.swift in Sources */,
				9E438D181B70369800EBDF28 /* NaviC.swift in Sources */,
				9ECD64C91B6B3F0E00C94FC0 /* CountItem.swift in Sources */,
				9ECD64A81B6B394F00C94FC0 /* AACounter.xcdatamodeld in Sources */,
				9ECD64A51B6B394F00C94FC0 /* AppDelegate.swift in Sources */,
				9E8666251B7A79C1008C9199 /* DetailViewController.swift in Sources */,
			);
			runOnlyForDeploymentPostprocessing = 0;
		};
/* End PBXSourcesBuildPhase section */

/* Begin PBXTargetDependency section */
		9E16170A1B793BC600695B3A /* PBXTargetDependency */ = {
			isa = PBXTargetDependency;
			target = 9E1617061B793BC600695B3A /* AACounter WatchKit App */;
			targetProxy = 9E1617091B793BC600695B3A /* PBXContainerItemProxy */;
		};
		9E1617141B793BC600695B3A /* PBXTargetDependency */ = {
			isa = PBXTargetDependency;
			target = 9E1616F71B793BC600695B3A /* AACounter WatchKit Extension */;
			targetProxy = 9E1617131B793BC600695B3A /* PBXContainerItemProxy */;
		};
/* End PBXTargetDependency section */

/* Begin PBXVariantGroup section */
		9E16170E1B793BC600695B3A /* Interface.storyboard */ = {
			isa = PBXVariantGroup;
			children = (
				9E16170F1B793BC600695B3A /* Base */,
				9E158F5D1B79BC4000BEE159 /* zh-Hans */,
				9E158F601B79BC4700BEE159 /* zh-Hant */,
				9E8666331B7AC008008C9199 /* en */,
			);
			name = Interface.storyboard;
			sourceTree = "<group>";
		};
		9E8666431B7ACA96008C9199 /* Localizable.strings */ = {
			isa = PBXVariantGroup;
			children = (
				9E8666421B7ACA96008C9199 /* Base */,
				9E8666441B7ACA9B008C9199 /* en */,
				9E8666451B7ACA9D008C9199 /* zh-Hans */,
				9E8666461B7ACA9E008C9199 /* zh-Hant */,
			);
			name = Localizable.strings;
			sourceTree = "<group>";
		};
		9ECD64AB1B6B394F00C94FC0 /* Main.storyboard */ = {
			isa = PBXVariantGroup;
			children = (
				9ECD64AC1B6B394F00C94FC0 /* Base */,
				9E158F5E1B79BC4700BEE159 /* zh-Hant */,
				9E86662F1B7ABEE1008C9199 /* zh-Hans */,
				9E8666311B7ABFFD008C9199 /* en */,
			);
			name = Main.storyboard;
			sourceTree = "<group>";
		};
		9ECD64B01B6B394F00C94FC0 /* LaunchScreen.xib */ = {
			isa = PBXVariantGroup;
			children = (
				9ECD64B11B6B394F00C94FC0 /* Base */,
				9E158F5C1B79BC4000BEE159 /* zh-Hans */,
				9E158F5F1B79BC4700BEE159 /* zh-Hant */,
			);
			name = LaunchScreen.xib;
			sourceTree = "<group>";
		};
/* End PBXVariantGroup section */

/* Begin XCBuildConfiguration section */
		9E0180371B6B1ADF00952742 /* Debug */ = {
			isa = XCBuildConfiguration;
			buildSettings = {
				ALWAYS_SEARCH_USER_PATHS = NO;
				CLANG_CXX_LANGUAGE_STANDARD = "gnu++0x";
				CLANG_CXX_LIBRARY = "libc++";
				CLANG_ENABLE_MODULES = YES;
				CLANG_ENABLE_OBJC_ARC = YES;
				CLANG_WARN_BOOL_CONVERSION = YES;
				CLANG_WARN_CONSTANT_CONVERSION = YES;
				CLANG_WARN_DIRECT_OBJC_ISA_USAGE = YES_ERROR;
				CLANG_WARN_EMPTY_BODY = YES;
				CLANG_WARN_ENUM_CONVERSION = YES;
				CLANG_WARN_INT_CONVERSION = YES;
				CLANG_WARN_OBJC_ROOT_CLASS = YES_ERROR;
				CLANG_WARN_UNREACHABLE_CODE = YES;
				CLANG_WARN__DUPLICATE_METHOD_MATCH = YES;
				CODE_SIGN_IDENTITY = "";
				"CODE_SIGN_IDENTITY[sdk=iphoneos*]" = "iPhone Developer";
				COPY_PHASE_STRIP = NO;
				DEBUG_INFORMATION_FORMAT = "dwarf-with-dsym";
				ENABLE_STRICT_OBJC_MSGSEND = YES;
				GCC_C_LANGUAGE_STANDARD = gnu99;
				GCC_DYNAMIC_NO_PIC = NO;
				GCC_NO_COMMON_BLOCKS = YES;
				GCC_OPTIMIZATION_LEVEL = 0;
				GCC_PREPROCESSOR_DEFINITIONS = (
					"DEBUG=1",
					"$(inherited)",
				);
				GCC_SYMBOLS_PRIVATE_EXTERN = NO;
				GCC_WARN_64_TO_32_BIT_CONVERSION = YES;
				GCC_WARN_ABOUT_RETURN_TYPE = YES_ERROR;
				GCC_WARN_UNDECLARED_SELECTOR = YES;
				GCC_WARN_UNINITIALIZED_AUTOS = YES_AGGRESSIVE;
				GCC_WARN_UNUSED_FUNCTION = YES;
				GCC_WARN_UNUSED_VARIABLE = YES;
				IPHONEOS_DEPLOYMENT_TARGET = 8.4;
				MTL_ENABLE_DEBUG_INFO = YES;
				ONLY_ACTIVE_ARCH = YES;
				SDKROOT = iphoneos;
				SWIFT_OPTIMIZATION_LEVEL = "-Onone";
			};
			name = Debug;
		};
		9E0180381B6B1ADF00952742 /* Release */ = {
			isa = XCBuildConfiguration;
			buildSettings = {
				ALWAYS_SEARCH_USER_PATHS = NO;
				CLANG_CXX_LANGUAGE_STANDARD = "gnu++0x";
				CLANG_CXX_LIBRARY = "libc++";
				CLANG_ENABLE_MODULES = YES;
				CLANG_ENABLE_OBJC_ARC = YES;
				CLANG_WARN_BOOL_CONVERSION = YES;
				CLANG_WARN_CONSTANT_CONVERSION = YES;
				CLANG_WARN_DIRECT_OBJC_ISA_USAGE = YES_ERROR;
				CLANG_WARN_EMPTY_BODY = YES;
				CLANG_WARN_ENUM_CONVERSION = YES;
				CLANG_WARN_INT_CONVERSION = YES;
				CLANG_WARN_OBJC_ROOT_CLASS = YES_ERROR;
				CLANG_WARN_UNREACHABLE_CODE = YES;
				CLANG_WARN__DUPLICATE_METHOD_MATCH = YES;
				CODE_SIGN_IDENTITY = "";
				"CODE_SIGN_IDENTITY[sdk=iphoneos*]" = "iPhone Distribution";
				COPY_PHASE_STRIP = NO;
				DEBUG_INFORMATION_FORMAT = "dwarf-with-dsym";
				ENABLE_NS_ASSERTIONS = NO;
				ENABLE_STRICT_OBJC_MSGSEND = YES;
				GCC_C_LANGUAGE_STANDARD = gnu99;
				GCC_NO_COMMON_BLOCKS = YES;
				GCC_WARN_64_TO_32_BIT_CONVERSION = YES;
				GCC_WARN_ABOUT_RETURN_TYPE = YES_ERROR;
				GCC_WARN_UNDECLARED_SELECTOR = YES;
				GCC_WARN_UNINITIALIZED_AUTOS = YES_AGGRESSIVE;
				GCC_WARN_UNUSED_FUNCTION = YES;
				GCC_WARN_UNUSED_VARIABLE = YES;
				IPHONEOS_DEPLOYMENT_TARGET = 8.4;
				MTL_ENABLE_DEBUG_INFO = NO;
				SDKROOT = iphoneos;
				VALIDATE_PRODUCT = YES;
			};
			name = Release;
		};
		9E1617161B793BC600695B3A /* Debug */ = {
			isa = XCBuildConfiguration;
			buildSettings = {
				CODE_SIGN_IDENTITY = "iPhone Developer";
				"CODE_SIGN_IDENTITY[sdk=iphoneos*]" = "iPhone Developer";
				GCC_PREPROCESSOR_DEFINITIONS = (
					"DEBUG=1",
					"$(inherited)",
				);
				INFOPLIST_FILE = "AACounter WatchKit Extension/Info.plist";
				LD_RUNPATH_SEARCH_PATHS = "$(inherited) @executable_path/Frameworks @executable_path/../../Frameworks";
				PRODUCT_NAME = "${TARGET_NAME}";
				PROVISIONING_PROFILE = "";
				SKIP_INSTALL = YES;
			};
			name = Debug;
		};
		9E1617171B793BC600695B3A /* Release */ = {
			isa = XCBuildConfiguration;
			buildSettings = {
				CODE_SIGN_IDENTITY = "iPhone Developer";
				"CODE_SIGN_IDENTITY[sdk=iphoneos*]" = "iPhone Developer";
				INFOPLIST_FILE = "AACounter WatchKit Extension/Info.plist";
				LD_RUNPATH_SEARCH_PATHS = "$(inherited) @executable_path/Frameworks @executable_path/../../Frameworks";
				PRODUCT_NAME = "${TARGET_NAME}";
				PROVISIONING_PROFILE = "";
				SKIP_INSTALL = YES;
			};
			name = Release;
		};
		9E1617181B793BC600695B3A /* Debug */ = {
			isa = XCBuildConfiguration;
			buildSettings = {
				ASSETCATALOG_COMPILER_APPICON_NAME = WatchAppIcon;
				CLANG_ENABLE_MODULES = YES;
				CODE_SIGN_IDENTITY = "iPhone Developer";
				"CODE_SIGN_IDENTITY[sdk=iphoneos*]" = "iPhone Developer";
				GCC_PREPROCESSOR_DEFINITIONS = (
					"DEBUG=1",
					"$(inherited)",
				);
				IBSC_MODULE = AACounter_WatchKit_Extension;
				INFOPLIST_FILE = "AACounter WatchKit App/Info.plist";
				IPHONEOS_DEPLOYMENT_TARGET = 8.2;
				LD_RUNPATH_SEARCH_PATHS = "$(inherited) @executable_path/Frameworks @loader_path/Frameworks";
				PRODUCT_NAME = "$(TARGET_NAME)";
				PROVISIONING_PROFILE = "";
				SKIP_INSTALL = YES;
				SWIFT_OPTIMIZATION_LEVEL = "-Onone";
				TARGETED_DEVICE_FAMILY = 4;
				"TARGETED_DEVICE_FAMILY[sdk=iphonesimulator*]" = "1,4";
			};
			name = Debug;
		};
		9E1617191B793BC600695B3A /* Release */ = {
			isa = XCBuildConfiguration;
			buildSettings = {
				ASSETCATALOG_COMPILER_APPICON_NAME = WatchAppIcon;
				CLANG_ENABLE_MODULES = YES;
				CODE_SIGN_IDENTITY = "iPhone Developer";
				"CODE_SIGN_IDENTITY[sdk=iphoneos*]" = "iPhone Developer";
				IBSC_MODULE = AACounter_WatchKit_Extension;
				INFOPLIST_FILE = "AACounter WatchKit App/Info.plist";
				IPHONEOS_DEPLOYMENT_TARGET = 8.2;
				LD_RUNPATH_SEARCH_PATHS = "$(inherited) @executable_path/Frameworks @loader_path/Frameworks";
				PRODUCT_NAME = "$(TARGET_NAME)";
				PROVISIONING_PROFILE = "";
				SKIP_INSTALL = YES;
				TARGETED_DEVICE_FAMILY = 4;
				"TARGETED_DEVICE_FAMILY[sdk=iphonesimulator*]" = "1,4";
			};
			name = Release;
		};
		9ECD64C01B6B394F00C94FC0 /* Debug */ = {
			isa = XCBuildConfiguration;
			buildSettings = {
				ASSETCATALOG_COMPILER_APPICON_NAME = iOSAppIcon;
				CODE_SIGN_IDENTITY = "iPhone Developer";
				"CODE_SIGN_IDENTITY[sdk=iphoneos*]" = "iPhone Developer";
				GCC_PREPROCESSOR_DEFINITIONS = (
					"DEBUG=1",
					"$(inherited)",
				);
				INFOPLIST_FILE = AACounter/Info.plist;
				LD_RUNPATH_SEARCH_PATHS = "$(inherited) @executable_path/Frameworks";
				PRODUCT_NAME = "$(TARGET_NAME)";
				PROVISIONING_PROFILE = "";
			};
			name = Debug;
		};
		9ECD64C11B6B394F00C94FC0 /* Release */ = {
			isa = XCBuildConfiguration;
			buildSettings = {
				ASSETCATALOG_COMPILER_APPICON_NAME = iOSAppIcon;
				CODE_SIGN_IDENTITY = "iPhone Developer";
				"CODE_SIGN_IDENTITY[sdk=iphoneos*]" = "iPhone Developer";
				INFOPLIST_FILE = AACounter/Info.plist;
				LD_RUNPATH_SEARCH_PATHS = "$(inherited) @executable_path/Frameworks";
				PRODUCT_NAME = "$(TARGET_NAME)";
				PROVISIONING_PROFILE = "";
			};
			name = Release;
		};
/* End XCBuildConfiguration section */

/* Begin XCConfigurationList section */
		9E0180121B6B1ADF00952742 /* Build configuration list for PBXProject "AACounter" */ = {
			isa = XCConfigurationList;
			buildConfigurations = (
				9E0180371B6B1ADF00952742 /* Debug */,
				9E0180381B6B1ADF00952742 /* Release */,
			);
			defaultConfigurationIsVisible = 0;
			defaultConfigurationName = Release;
		};
		9E16171A1B793BC600695B3A /* Build configuration list for PBXNativeTarget "AACounter WatchKit App" */ = {
			isa = XCConfigurationList;
			buildConfigurations = (
				9E1617181B793BC600695B3A /* Debug */,
				9E1617191B793BC600695B3A /* Release */,
			);
			defaultConfigurationIsVisible = 0;
			defaultConfigurationName = Release;
		};
		9E16171B1B793BC600695B3A /* Build configuration list for PBXNativeTarget "AACounter WatchKit Extension" */ = {
			isa = XCConfigurationList;
			buildConfigurations = (
				9E1617161B793BC600695B3A /* Debug */,
				9E1617171B793BC600695B3A /* Release */,
			);
			defaultConfigurationIsVisible = 0;
			defaultConfigurationName = Release;
		};
		9ECD64BF1B6B394F00C94FC0 /* Build configuration list for PBXNativeTarget "AACounter" */ = {
			isa = XCConfigurationList;
			buildConfigurations = (
				9ECD64C01B6B394F00C94FC0 /* Debug */,
				9ECD64C11B6B394F00C94FC0 /* Release */,
			);
			defaultConfigurationIsVisible = 0;
			defaultConfigurationName = Release;
		};
/* End XCConfigurationList section */

/* Begin XCVersionGroup section */
		9ECD64A61B6B394F00C94FC0 /* AACounter.xcdatamodeld */ = {
			isa = XCVersionGroup;
			children = (
				9ECD64A71B6B394F00C94FC0 /* AACounter.xcdatamodel */,
			);
			currentVersion = 9ECD64A71B6B394F00C94FC0 /* AACounter.xcdatamodel */;
			path = AACounter.xcdatamodeld;
			sourceTree = "<group>";
			versionGroupType = wrapper.xcdatamodel;
		};
/* End XCVersionGroup section */
	};
	rootObject = 9E01800F1B6B1ADF00952742 /* Project object */;
}
