// !$*UTF8*$!
{
	archiveVersion = 1;
	classes = {
	};
	objectVersion = 46;
	objects = {

/* Begin PBXBuildFile section */
		9E01801D1B6B1ADF00952742 /* AppDelegate.swift in Sources */ = {isa = PBXBuildFile; fileRef = 9E01801C1B6B1ADF00952742 /* AppDelegate.swift */; };
		9E0180201B6B1ADF00952742 /* AnxietyCounter.xcdatamodeld in Sources */ = {isa = PBXBuildFile; fileRef = 9E01801E1B6B1ADF00952742 /* AnxietyCounter.xcdatamodeld */; };
		9E0180221B6B1ADF00952742 /* ViewController.swift in Sources */ = {isa = PBXBuildFile; fileRef = 9E0180211B6B1ADF00952742 /* ViewController.swift */; };
		9E0180251B6B1ADF00952742 /* Main.storyboard in Resources */ = {isa = PBXBuildFile; fileRef = 9E0180231B6B1ADF00952742 /* Main.storyboard */; };
		9E0180271B6B1ADF00952742 /* Images.xcassets in Resources */ = {isa = PBXBuildFile; fileRef = 9E0180261B6B1ADF00952742 /* Images.xcassets */; };
		9E01802A1B6B1ADF00952742 /* LaunchScreen.xib in Resources */ = {isa = PBXBuildFile; fileRef = 9E0180281B6B1ADF00952742 /* LaunchScreen.xib */; };
		9E0180361B6B1ADF00952742 /* AnxietyCounterTests.swift in Sources */ = {isa = PBXBuildFile; fileRef = 9E0180351B6B1ADF00952742 /* AnxietyCounterTests.swift */; };
		9E0180491B6B2B5F00952742 /* CounterItem.swift in Sources */ = {isa = PBXBuildFile; fileRef = 9E0180481B6B2B5F00952742 /* CounterItem.swift */; };
/* End PBXBuildFile section */

/* Begin PBXContainerItemProxy section */
		9E0180301B6B1ADF00952742 /* PBXContainerItemProxy */ = {
			isa = PBXContainerItemProxy;
			containerPortal = 9E01800F1B6B1ADF00952742 /* Project object */;
			proxyType = 1;
			remoteGlobalIDString = 9E0180161B6B1ADF00952742;
			remoteInfo = AnxietyCounter;
		};
/* End PBXContainerItemProxy section */

/* Begin PBXFileReference section */
		9E0180171B6B1ADF00952742 /* AnxietyCounter.app */ = {isa = PBXFileReference; explicitFileType = wrapper.application; includeInIndex = 0; path = AnxietyCounter.app; sourceTree = BUILT_PRODUCTS_DIR; };
		9E01801B1B6B1ADF00952742 /* Info.plist */ = {isa = PBXFileReference; lastKnownFileType = text.plist.xml; path = Info.plist; sourceTree = "<group>"; };
		9E01801C1B6B1ADF00952742 /* AppDelegate.swift */ = {isa = PBXFileReference; lastKnownFileType = sourcecode.swift; path = AppDelegate.swift; sourceTree = "<group>"; };
		9E01801F1B6B1ADF00952742 /* AnxietyCounter.xcdatamodel */ = {isa = PBXFileReference; lastKnownFileType = wrapper.xcdatamodel; path = AnxietyCounter.xcdatamodel; sourceTree = "<group>"; };
		9E0180211B6B1ADF00952742 /* ViewController.swift */ = {isa = PBXFileReference; lastKnownFileType = sourcecode.swift; path = ViewController.swift; sourceTree = "<group>"; };
		9E0180241B6B1ADF00952742 /* Base */ = {isa = PBXFileReference; lastKnownFileType = file.storyboard; name = Base; path = Base.lproj/Main.storyboard; sourceTree = "<group>"; };
		9E0180261B6B1ADF00952742 /* Images.xcassets */ = {isa = PBXFileReference; lastKnownFileType = folder.assetcatalog; path = Images.xcassets; sourceTree = "<group>"; };
		9E0180291B6B1ADF00952742 /* Base */ = {isa = PBXFileReference; lastKnownFileType = file.xib; name = Base; path = Base.lproj/LaunchScreen.xib; sourceTree = "<group>"; };
		9E01802F1B6B1ADF00952742 /* AnxietyCounterTests.xctest */ = {isa = PBXFileReference; explicitFileType = wrapper.cfbundle; includeInIndex = 0; path = AnxietyCounterTests.xctest; sourceTree = BUILT_PRODUCTS_DIR; };
		9E0180341B6B1ADF00952742 /* Info.plist */ = {isa = PBXFileReference; lastKnownFileType = text.plist.xml; path = Info.plist; sourceTree = "<group>"; };
		9E0180351B6B1ADF00952742 /* AnxietyCounterTests.swift */ = {isa = PBXFileReference; lastKnownFileType = sourcecode.swift; path = AnxietyCounterTests.swift; sourceTree = "<group>"; };
		9E0180481B6B2B5F00952742 /* CounterItem.swift */ = {isa = PBXFileReference; fileEncoding = 4; lastKnownFileType = sourcecode.swift; path = CounterItem.swift; sourceTree = "<group>"; };
/* End PBXFileReference section */

/* Begin PBXFrameworksBuildPhase section */
		9E0180141B6B1ADF00952742 /* Frameworks */ = {
			isa = PBXFrameworksBuildPhase;
			buildActionMask = 2147483647;
			files = (
			);
			runOnlyForDeploymentPostprocessing = 0;
		};
		9E01802C1B6B1ADF00952742 /* Frameworks */ = {
			isa = PBXFrameworksBuildPhase;
			buildActionMask = 2147483647;
			files = (
			);
			runOnlyForDeploymentPostprocessing = 0;
		};
/* End PBXFrameworksBuildPhase section */

/* Begin PBXGroup section */
		9E01800E1B6B1ADF00952742 = {
			isa = PBXGroup;
			children = (
				9E0180191B6B1ADF00952742 /* AnxietyCounter */,
				9E0180321B6B1ADF00952742 /* AnxietyCounterTests */,
				9E0180181B6B1ADF00952742 /* Products */,
			);
			sourceTree = "<group>";
		};
		9E0180181B6B1ADF00952742 /* Products */ = {
			isa = PBXGroup;
			children = (
				9E0180171B6B1ADF00952742 /* AnxietyCounter.app */,
				9E01802F1B6B1ADF00952742 /* AnxietyCounterTests.xctest */,
			);
			name = Products;
			sourceTree = "<group>";
		};
		9E0180191B6B1ADF00952742 /* AnxietyCounter */ = {
			isa = PBXGroup;
			children = (
				9E0180431B6B251200952742 /* Data */,
				9E01801C1B6B1ADF00952742 /* AppDelegate.swift */,
				9E0180211B6B1ADF00952742 /* ViewController.swift */,
				9E0180231B6B1ADF00952742 /* Main.storyboard */,
				9E0180261B6B1ADF00952742 /* Images.xcassets */,
				9E0180281B6B1ADF00952742 /* LaunchScreen.xib */,
				9E01801E1B6B1ADF00952742 /* AnxietyCounter.xcdatamodeld */,
				9E01801A1B6B1ADF00952742 /* Supporting Files */,
			);
			path = AnxietyCounter;
			sourceTree = "<group>";
		};
		9E01801A1B6B1ADF00952742 /* Supporting Files */ = {
			isa = PBXGroup;
			children = (
				9E01801B1B6B1ADF00952742 /* Info.plist */,
			);
			name = "Supporting Files";
			sourceTree = "<group>";
		};
		9E0180321B6B1ADF00952742 /* AnxietyCounterTests */ = {
			isa = PBXGroup;
			children = (
				9E0180351B6B1ADF00952742 /* AnxietyCounterTests.swift */,
				9E0180331B6B1ADF00952742 /* Supporting Files */,
			);
			path = AnxietyCounterTests;
			sourceTree = "<group>";
		};
		9E0180331B6B1ADF00952742 /* Supporting Files */ = {
			isa = PBXGroup;
			children = (
				9E0180341B6B1ADF00952742 /* Info.plist */,
			);
			name = "Supporting Files";
			sourceTree = "<group>";
		};
		9E0180431B6B251200952742 /* Data */ = {
			isa = PBXGroup;
			children = (
				9E0180481B6B2B5F00952742 /* CounterItem.swift */,
			);
			name = Data;
			sourceTree = "<group>";
		};
/* End PBXGroup section */

/* Begin PBXNativeTarget section */
		9E0180161B6B1ADF00952742 /* AnxietyCounter */ = {
			isa = PBXNativeTarget;
			buildConfigurationList = 9E0180391B6B1ADF00952742 /* Build configuration list for PBXNativeTarget "AnxietyCounter" */;
			buildPhases = (
				9E0180131B6B1ADF00952742 /* Sources */,
				9E0180141B6B1ADF00952742 /* Frameworks */,
				9E0180151B6B1ADF00952742 /* Resources */,
			);
			buildRules = (
			);
			dependencies = (
			);
			name = AnxietyCounter;
			productName = AnxietyCounter;
			productReference = 9E0180171B6B1ADF00952742 /* AnxietyCounter.app */;
			productType = "com.apple.product-type.application";
		};
		9E01802E1B6B1ADF00952742 /* AnxietyCounterTests */ = {
			isa = PBXNativeTarget;
			buildConfigurationList = 9E01803C1B6B1ADF00952742 /* Build configuration list for PBXNativeTarget "AnxietyCounterTests" */;
			buildPhases = (
				9E01802B1B6B1ADF00952742 /* Sources */,
				9E01802C1B6B1ADF00952742 /* Frameworks */,
				9E01802D1B6B1ADF00952742 /* Resources */,
			);
			buildRules = (
			);
			dependencies = (
				9E0180311B6B1ADF00952742 /* PBXTargetDependency */,
			);
			name = AnxietyCounterTests;
			productName = AnxietyCounterTests;
			productReference = 9E01802F1B6B1ADF00952742 /* AnxietyCounterTests.xctest */;
			productType = "com.apple.product-type.bundle.unit-test";
		};
/* End PBXNativeTarget section */

/* Begin PBXProject section */
		9E01800F1B6B1ADF00952742 /* Project object */ = {
			isa = PBXProject;
			attributes = {
				LastUpgradeCheck = 0640;
				ORGANIZATIONNAME = "Mike Lee";
				TargetAttributes = {
					9E0180161B6B1ADF00952742 = {
						CreatedOnToolsVersion = 6.4;
					};
					9E01802E1B6B1ADF00952742 = {
						CreatedOnToolsVersion = 6.4;
						TestTargetID = 9E0180161B6B1ADF00952742;
					};
				};
			};
			buildConfigurationList = 9E0180121B6B1ADF00952742 /* Build configuration list for PBXProject "AnxietyCounter" */;
			compatibilityVersion = "Xcode 3.2";
			developmentRegion = English;
			hasScannedForEncodings = 0;
			knownRegions = (
				en,
				Base,
			);
			mainGroup = 9E01800E1B6B1ADF00952742;
			productRefGroup = 9E0180181B6B1ADF00952742 /* Products */;
			projectDirPath = "";
			projectRoot = "";
			targets = (
				9E0180161B6B1ADF00952742 /* AnxietyCounter */,
				9E01802E1B6B1ADF00952742 /* AnxietyCounterTests */,
			);
		};
/* End PBXProject section */

/* Begin PBXResourcesBuildPhase section */
		9E0180151B6B1ADF00952742 /* Resources */ = {
			isa = PBXResourcesBuildPhase;
			buildActionMask = 2147483647;
			files = (
				9E0180251B6B1ADF00952742 /* Main.storyboard in Resources */,
				9E01802A1B6B1ADF00952742 /* LaunchScreen.xib in Resources */,
				9E0180271B6B1ADF00952742 /* Images.xcassets in Resources */,
			);
			runOnlyForDeploymentPostprocessing = 0;
		};
		9E01802D1B6B1ADF00952742 /* Resources */ = {
			isa = PBXResourcesBuildPhase;
			buildActionMask = 2147483647;
			files = (
			);
			runOnlyForDeploymentPostprocessing = 0;
		};
/* End PBXResourcesBuildPhase section */

/* Begin PBXSourcesBuildPhase section */
		9E0180131B6B1ADF00952742 /* Sources */ = {
			isa = PBXSourcesBuildPhase;
			buildActionMask = 2147483647;
			files = (
				9E0180221B6B1ADF00952742 /* ViewController.swift in Sources */,
				9E01801D1B6B1ADF00952742 /* AppDelegate.swift in Sources */,
				9E0180201B6B1ADF00952742 /* AnxietyCounter.xcdatamodeld in Sources */,
				9E0180491B6B2B5F00952742 /* CounterItem.swift in Sources */,
			);
			runOnlyForDeploymentPostprocessing = 0;
		};
		9E01802B1B6B1ADF00952742 /* Sources */ = {
			isa = PBXSourcesBuildPhase;
			buildActionMask = 2147483647;
			files = (
				9E0180361B6B1ADF00952742 /* AnxietyCounterTests.swift in Sources */,
			);
			runOnlyForDeploymentPostprocessing = 0;
		};
/* End PBXSourcesBuildPhase section */

/* Begin PBXTargetDependency section */
		9E0180311B6B1ADF00952742 /* PBXTargetDependency */ = {
			isa = PBXTargetDependency;
			target = 9E0180161B6B1ADF00952742 /* AnxietyCounter */;
			targetProxy = 9E0180301B6B1ADF00952742 /* PBXContainerItemProxy */;
		};
/* End PBXTargetDependency section */

/* Begin PBXVariantGroup section */
		9E0180231B6B1ADF00952742 /* Main.storyboard */ = {
			isa = PBXVariantGroup;
			children = (
				9E0180241B6B1ADF00952742 /* Base */,
			);
			name = Main.storyboard;
			sourceTree = "<group>";
		};
		9E0180281B6B1ADF00952742 /* LaunchScreen.xib */ = {
			isa = PBXVariantGroup;
			children = (
				9E0180291B6B1ADF00952742 /* Base */,
			);
			name = LaunchScreen.xib;
			sourceTree = "<group>";
		};
/* End PBXVariantGroup section */

/* Begin XCBuildConfiguration section */
		9E0180371B6B1ADF00952742 /* Debug */ = {
			isa = XCBuildConfiguration;
			buildSettings = {
				ALWAYS_SEARCH_USER_PATHS = NO;
				CLANG_CXX_LANGUAGE_STANDARD = "gnu++0x";
				CLANG_CXX_LIBRARY = "libc++";
				CLANG_ENABLE_MODULES = YES;
				CLANG_ENABLE_OBJC_ARC = YES;
				CLANG_WARN_BOOL_CONVERSION = YES;
				CLANG_WARN_CONSTANT_CONVERSION = YES;
				CLANG_WARN_DIRECT_OBJC_ISA_USAGE = YES_ERROR;
				CLANG_WARN_EMPTY_BODY = YES;
				CLANG_WARN_ENUM_CONVERSION = YES;
				CLANG_WARN_INT_CONVERSION = YES;
				CLANG_WARN_OBJC_ROOT_CLASS = YES_ERROR;
				CLANG_WARN_UNREACHABLE_CODE = YES;
				CLANG_WARN__DUPLICATE_METHOD_MATCH = YES;
				"CODE_SIGN_IDENTITY[sdk=iphoneos*]" = "iPhone Developer";
				COPY_PHASE_STRIP = NO;
				DEBUG_INFORMATION_FORMAT = "dwarf-with-dsym";
				ENABLE_STRICT_OBJC_MSGSEND = YES;
				GCC_C_LANGUAGE_STANDARD = gnu99;
				GCC_DYNAMIC_NO_PIC = NO;
				GCC_NO_COMMON_BLOCKS = YES;
				GCC_OPTIMIZATION_LEVEL = 0;
				GCC_PREPROCESSOR_DEFINITIONS = (
					"DEBUG=1",
					"$(inherited)",
				);
				GCC_SYMBOLS_PRIVATE_EXTERN = NO;
				GCC_WARN_64_TO_32_BIT_CONVERSION = YES;
				GCC_WARN_ABOUT_RETURN_TYPE = YES_ERROR;
				GCC_WARN_UNDECLARED_SELECTOR = YES;
				GCC_WARN_UNINITIALIZED_AUTOS = YES_AGGRESSIVE;
				GCC_WARN_UNUSED_FUNCTION = YES;
				GCC_WARN_UNUSED_VARIABLE = YES;
				IPHONEOS_DEPLOYMENT_TARGET = 8.4;
				MTL_ENABLE_DEBUG_INFO = YES;
				ONLY_ACTIVE_ARCH = YES;
				SDKROOT = iphoneos;
				SWIFT_OPTIMIZATION_LEVEL = "-Onone";
			};
			name = Debug;
		};
		9E0180381B6B1ADF00952742 /* Release */ = {
			isa = XCBuildConfiguration;
			buildSettings = {
				ALWAYS_SEARCH_USER_PATHS = NO;
				CLANG_CXX_LANGUAGE_STANDARD = "gnu++0x";
				CLANG_CXX_LIBRARY = "libc++";
				CLANG_ENABLE_MODULES = YES;
				CLANG_ENABLE_OBJC_ARC = YES;
				CLANG_WARN_BOOL_CONVERSION = YES;
				CLANG_WARN_CONSTANT_CONVERSION = YES;
				CLANG_WARN_DIRECT_OBJC_ISA_USAGE = YES_ERROR;
				CLANG_WARN_EMPTY_BODY = YES;
				CLANG_WARN_ENUM_CONVERSION = YES;
				CLANG_WARN_INT_CONVERSION = YES;
				CLANG_WARN_OBJC_ROOT_CLASS = YES_ERROR;
				CLANG_WARN_UNREACHABLE_CODE = YES;
				CLANG_WARN__DUPLICATE_METHOD_MATCH = YES;
				"CODE_SIGN_IDENTITY[sdk=iphoneos*]" = "iPhone Developer";
				COPY_PHASE_STRIP = NO;
				DEBUG_INFORMATION_FORMAT = "dwarf-with-dsym";
				ENABLE_NS_ASSERTIONS = NO;
				ENABLE_STRICT_OBJC_MSGSEND = YES;
				GCC_C_LANGUAGE_STANDARD = gnu99;
				GCC_NO_COMMON_BLOCKS = YES;
				GCC_WARN_64_TO_32_BIT_CONVERSION = YES;
				GCC_WARN_ABOUT_RETURN_TYPE = YES_ERROR;
				GCC_WARN_UNDECLARED_SELECTOR = YES;
				GCC_WARN_UNINITIALIZED_AUTOS = YES_AGGRESSIVE;
				GCC_WARN_UNUSED_FUNCTION = YES;
				GCC_WARN_UNUSED_VARIABLE = YES;
				IPHONEOS_DEPLOYMENT_TARGET = 8.4;
				MTL_ENABLE_DEBUG_INFO = NO;
				SDKROOT = iphoneos;
				VALIDATE_PRODUCT = YES;
			};
			name = Release;
		};
		9E01803A1B6B1ADF00952742 /* Debug */ = {
			isa = XCBuildConfiguration;
			buildSettings = {
				ASSETCATALOG_COMPILER_APPICON_NAME = AppIcon;
				CODE_SIGN_IDENTITY = "iPhone Developer";
				INFOPLIST_FILE = AnxietyCounter/Info.plist;
				LD_RUNPATH_SEARCH_PATHS = "$(inherited) @executable_path/Frameworks";
				PRODUCT_NAME = "$(TARGET_NAME)";
			};
			name = Debug;
		};
		9E01803B1B6B1ADF00952742 /* Release */ = {
			isa = XCBuildConfiguration;
			buildSettings = {
				ASSETCATALOG_COMPILER_APPICON_NAME = AppIcon;
				CODE_SIGN_IDENTITY = "iPhone Developer";
				INFOPLIST_FILE = AnxietyCounter/Info.plist;
				LD_RUNPATH_SEARCH_PATHS = "$(inherited) @executable_path/Frameworks";
				PRODUCT_NAME = "$(TARGET_NAME)";
			};
			name = Release;
		};
		9E01803D1B6B1ADF00952742 /* Debug */ = {
			isa = XCBuildConfiguration;
			buildSettings = {
				BUNDLE_LOADER = "$(TEST_HOST)";
				FRAMEWORK_SEARCH_PATHS = (
					"$(SDKROOT)/Developer/Library/Frameworks",
					"$(inherited)",
				);
				GCC_PREPROCESSOR_DEFINITIONS = (
					"DEBUG=1",
					"$(inherited)",
				);
				INFOPLIST_FILE = AnxietyCounterTests/Info.plist;
				LD_RUNPATH_SEARCH_PATHS = "$(inherited) @executable_path/Frameworks @loader_path/Frameworks";
				PRODUCT_NAME = "$(TARGET_NAME)";
				TEST_HOST = "$(BUILT_PRODUCTS_DIR)/AnxietyCounter.app/AnxietyCounter";
			};
			name = Debug;
		};
		9E01803E1B6B1ADF00952742 /* Release */ = {
			isa = XCBuildConfiguration;
			buildSettings = {
				BUNDLE_LOADER = "$(TEST_HOST)";
				FRAMEWORK_SEARCH_PATHS = (
					"$(SDKROOT)/Developer/Library/Frameworks",
					"$(inherited)",
				);
				INFOPLIST_FILE = AnxietyCounterTests/Info.plist;
				LD_RUNPATH_SEARCH_PATHS = "$(inherited) @executable_path/Frameworks @loader_path/Frameworks";
				PRODUCT_NAME = "$(TARGET_NAME)";
				TEST_HOST = "$(BUILT_PRODUCTS_DIR)/AnxietyCounter.app/AnxietyCounter";
			};
			name = Release;
		};
/* End XCBuildConfiguration section */

/* Begin XCConfigurationList section */
		9E0180121B6B1ADF00952742 /* Build configuration list for PBXProject "AnxietyCounter" */ = {
			isa = XCConfigurationList;
			buildConfigurations = (
				9E0180371B6B1ADF00952742 /* Debug */,
				9E0180381B6B1ADF00952742 /* Release */,
			);
			defaultConfigurationIsVisible = 0;
			defaultConfigurationName = Release;
		};
		9E0180391B6B1ADF00952742 /* Build configuration list for PBXNativeTarget "AnxietyCounter" */ = {
			isa = XCConfigurationList;
			buildConfigurations = (
				9E01803A1B6B1ADF00952742 /* Debug */,
				9E01803B1B6B1ADF00952742 /* Release */,
			);
			defaultConfigurationIsVisible = 0;
		};
		9E01803C1B6B1ADF00952742 /* Build configuration list for PBXNativeTarget "AnxietyCounterTests" */ = {
			isa = XCConfigurationList;
			buildConfigurations = (
				9E01803D1B6B1ADF00952742 /* Debug */,
				9E01803E1B6B1ADF00952742 /* Release */,
			);
			defaultConfigurationIsVisible = 0;
		};
/* End XCConfigurationList section */

/* Begin XCVersionGroup section */
		9E01801E1B6B1ADF00952742 /* AnxietyCounter.xcdatamodeld */ = {
			isa = XCVersionGroup;
			children = (
				9E01801F1B6B1ADF00952742 /* AnxietyCounter.xcdatamodel */,
			);
			currentVersion = 9E01801F1B6B1ADF00952742 /* AnxietyCounter.xcdatamodel */;
			path = AnxietyCounter.xcdatamodeld;
			sourceTree = "<group>";
			versionGroupType = wrapper.xcdatamodel;
		};
/* End XCVersionGroup section */
	};
	rootObject = 9E01800F1B6B1ADF00952742 /* Project object */;
}
